// !$*UTF8*$!
{
	archiveVersion = 1;
	classes = {
	};
	objectVersion = 51;
	objects = {

/* Begin PBXBuildFile section */
		2774343E234374D3006857DF /* RestApi.swift in Sources */ = {isa = PBXBuildFile; fileRef = 2774343B234374D3006857DF /* RestApi.swift */; };
		2774343F234374D3006857DF /* ApiAlamofire.swift in Sources */ = {isa = PBXBuildFile; fileRef = 2774343C234374D3006857DF /* ApiAlamofire.swift */; };
		27743440234374D3006857DF /* RestApiRequest.swift in Sources */ = {isa = PBXBuildFile; fileRef = 2774343D234374D3006857DF /* RestApiRequest.swift */; };
		277434422343766B006857DF /* AlamofireUtils.swift in Sources */ = {isa = PBXBuildFile; fileRef = 277434412343766B006857DF /* AlamofireUtils.swift */; };
		2774344823439B3E006857DF /* NewsCell.swift in Sources */ = {isa = PBXBuildFile; fileRef = 2774344723439B3E006857DF /* NewsCell.swift */; };
		2774344B23439CDB006857DF /* NewsListVC.swift in Sources */ = {isa = PBXBuildFile; fileRef = 2774344A23439CDB006857DF /* NewsListVC.swift */; };
		2774344E23439E02006857DF /* News.swift in Sources */ = {isa = PBXBuildFile; fileRef = 2774344D23439E02006857DF /* News.swift */; };
		277434512343A4D3006857DF /* Category.swift in Sources */ = {isa = PBXBuildFile; fileRef = 277434502343A4D3006857DF /* Category.swift */; };
		277434532343B090006857DF /* NewsDetailVC.swift in Sources */ = {isa = PBXBuildFile; fileRef = 277434522343B090006857DF /* NewsDetailVC.swift */; };
		277434552343BD65006857DF /* User.swift in Sources */ = {isa = PBXBuildFile; fileRef = 277434542343BD65006857DF /* User.swift */; };
		277434572343BECE006857DF /* UserManager.swift in Sources */ = {isa = PBXBuildFile; fileRef = 277434562343BECE006857DF /* UserManager.swift */; };
		277434592343C668006857DF /* ProfileVC.swift in Sources */ = {isa = PBXBuildFile; fileRef = 277434582343C668006857DF /* ProfileVC.swift */; };
		2774345C2343C839006857DF /* Login.storyboard in Resources */ = {isa = PBXBuildFile; fileRef = 2774345A2343C839006857DF /* Login.storyboard */; };
		2774345E2343CAAD006857DF /* LogInVC.swift in Sources */ = {isa = PBXBuildFile; fileRef = 2774345D2343CAAD006857DF /* LogInVC.swift */; };
		277434602343D6A2006857DF /* CategoryVC.swift in Sources */ = {isa = PBXBuildFile; fileRef = 2774345F2343D6A2006857DF /* CategoryVC.swift */; };
		27E388B22343723F004EF727 /* AppDelegate.swift in Sources */ = {isa = PBXBuildFile; fileRef = 27E388B12343723F004EF727 /* AppDelegate.swift */; };
		27E388B72343723F004EF727 /* Main.storyboard in Resources */ = {isa = PBXBuildFile; fileRef = 27E388B52343723F004EF727 /* Main.storyboard */; };
		27E388B923437241004EF727 /* Assets.xcassets in Resources */ = {isa = PBXBuildFile; fileRef = 27E388B823437241004EF727 /* Assets.xcassets */; };
		27E388BC23437241004EF727 /* LaunchScreen.storyboard in Resources */ = {isa = PBXBuildFile; fileRef = 27E388BA23437241004EF727 /* LaunchScreen.storyboard */; };
		381824FDFEBDA827714FD3CF /* Pods_NewsApp.framework in Frameworks */ = {isa = PBXBuildFile; fileRef = 3B643ECF2F878F2FE3B52614 /* Pods_NewsApp.framework */; };
/* End PBXBuildFile section */

/* Begin PBXFileReference section */
		2774343B234374D3006857DF /* RestApi.swift */ = {isa = PBXFileReference; fileEncoding = 4; lastKnownFileType = sourcecode.swift; path = RestApi.swift; sourceTree = "<group>"; };
		2774343C234374D3006857DF /* ApiAlamofire.swift */ = {isa = PBXFileReference; fileEncoding = 4; lastKnownFileType = sourcecode.swift; path = ApiAlamofire.swift; sourceTree = "<group>"; };
		2774343D234374D3006857DF /* RestApiRequest.swift */ = {isa = PBXFileReference; fileEncoding = 4; lastKnownFileType = sourcecode.swift; path = RestApiRequest.swift; sourceTree = "<group>"; };
		277434412343766B006857DF /* AlamofireUtils.swift */ = {isa = PBXFileReference; fileEncoding = 4; lastKnownFileType = sourcecode.swift; path = AlamofireUtils.swift; sourceTree = "<group>"; };
		2774344723439B3E006857DF /* NewsCell.swift */ = {isa = PBXFileReference; fileEncoding = 4; lastKnownFileType = sourcecode.swift; path = NewsCell.swift; sourceTree = "<group>"; };
		2774344A23439CDB006857DF /* NewsListVC.swift */ = {isa = PBXFileReference; lastKnownFileType = sourcecode.swift; path = NewsListVC.swift; sourceTree = "<group>"; };
		2774344D23439E02006857DF /* News.swift */ = {isa = PBXFileReference; lastKnownFileType = sourcecode.swift; path = News.swift; sourceTree = "<group>"; };
		277434502343A4D3006857DF /* Category.swift */ = {isa = PBXFileReference; lastKnownFileType = sourcecode.swift; path = Category.swift; sourceTree = "<group>"; };
		277434522343B090006857DF /* NewsDetailVC.swift */ = {isa = PBXFileReference; lastKnownFileType = sourcecode.swift; path = NewsDetailVC.swift; sourceTree = "<group>"; };
		277434542343BD65006857DF /* User.swift */ = {isa = PBXFileReference; lastKnownFileType = sourcecode.swift; path = User.swift; sourceTree = "<group>"; };
		277434562343BECE006857DF /* UserManager.swift */ = {isa = PBXFileReference; lastKnownFileType = sourcecode.swift; path = UserManager.swift; sourceTree = "<group>"; };
		277434582343C668006857DF /* ProfileVC.swift */ = {isa = PBXFileReference; lastKnownFileType = sourcecode.swift; path = ProfileVC.swift; sourceTree = "<group>"; };
		2774345B2343C839006857DF /* Base */ = {isa = PBXFileReference; lastKnownFileType = file.storyboard; name = Base; path = Base.lproj/Login.storyboard; sourceTree = "<group>"; };
		2774345D2343CAAD006857DF /* LogInVC.swift */ = {isa = PBXFileReference; lastKnownFileType = sourcecode.swift; path = LogInVC.swift; sourceTree = "<group>"; };
		2774345F2343D6A2006857DF /* CategoryVC.swift */ = {isa = PBXFileReference; lastKnownFileType = sourcecode.swift; path = CategoryVC.swift; sourceTree = "<group>"; };
		27E388AE2343723F004EF727 /* NewsApp.app */ = {isa = PBXFileReference; explicitFileType = wrapper.application; includeInIndex = 0; path = NewsApp.app; sourceTree = BUILT_PRODUCTS_DIR; };
		27E388B12343723F004EF727 /* AppDelegate.swift */ = {isa = PBXFileReference; lastKnownFileType = sourcecode.swift; path = AppDelegate.swift; sourceTree = "<group>"; };
		27E388B62343723F004EF727 /* Base */ = {isa = PBXFileReference; lastKnownFileType = file.storyboard; name = Base; path = Base.lproj/Main.storyboard; sourceTree = "<group>"; };
		27E388B823437241004EF727 /* Assets.xcassets */ = {isa = PBXFileReference; lastKnownFileType = folder.assetcatalog; path = Assets.xcassets; sourceTree = "<group>"; };
		27E388BB23437241004EF727 /* Base */ = {isa = PBXFileReference; lastKnownFileType = file.storyboard; name = Base; path = Base.lproj/LaunchScreen.storyboard; sourceTree = "<group>"; };
		27E388BD23437241004EF727 /* Info.plist */ = {isa = PBXFileReference; lastKnownFileType = text.plist.xml; path = Info.plist; sourceTree = "<group>"; };
		3B643ECF2F878F2FE3B52614 /* Pods_NewsApp.framework */ = {isa = PBXFileReference; explicitFileType = wrapper.framework; includeInIndex = 0; path = Pods_NewsApp.framework; sourceTree = BUILT_PRODUCTS_DIR; };
		A48120ADC17353D8EDDE0B8B /* Pods-NewsApp.release.xcconfig */ = {isa = PBXFileReference; includeInIndex = 1; lastKnownFileType = text.xcconfig; name = "Pods-NewsApp.release.xcconfig"; path = "Target Support Files/Pods-NewsApp/Pods-NewsApp.release.xcconfig"; sourceTree = "<group>"; };
		DE86468F9A6D4489C48FF61A /* Pods-NewsApp.debug.xcconfig */ = {isa = PBXFileReference; includeInIndex = 1; lastKnownFileType = text.xcconfig; name = "Pods-NewsApp.debug.xcconfig"; path = "Target Support Files/Pods-NewsApp/Pods-NewsApp.debug.xcconfig"; sourceTree = "<group>"; };
/* End PBXFileReference section */

/* Begin PBXFrameworksBuildPhase section */
		27E388AB2343723F004EF727 /* Frameworks */ = {
			isa = PBXFrameworksBuildPhase;
			buildActionMask = 2147483647;
			files = (
				381824FDFEBDA827714FD3CF /* Pods_NewsApp.framework in Frameworks */,
			);
			runOnlyForDeploymentPostprocessing = 0;
		};
/* End PBXFrameworksBuildPhase section */

/* Begin PBXGroup section */
		2774343A234374D3006857DF /* Support */ = {
			isa = PBXGroup;
			children = (
				277434412343766B006857DF /* AlamofireUtils.swift */,
				2774343C234374D3006857DF /* ApiAlamofire.swift */,
				2774343B234374D3006857DF /* RestApi.swift */,
				2774343D234374D3006857DF /* RestApiRequest.swift */,
				277434562343BECE006857DF /* UserManager.swift */,
				27E388B823437241004EF727 /* Assets.xcassets */,
			);
			path = Support;
			sourceTree = "<group>";
		};
		2774344523439B3E006857DF /* View */ = {
			isa = PBXGroup;
			children = (
				2774344F2343A200006857DF /* Storyboard */,
				2774344623439B3E006857DF /* Cell */,
			);
			path = View;
			sourceTree = "<group>";
		};
		2774344623439B3E006857DF /* Cell */ = {
			isa = PBXGroup;
			children = (
				2774344723439B3E006857DF /* NewsCell.swift */,
			);
			path = Cell;
			sourceTree = "<group>";
		};
		2774344923439CA9006857DF /* Controller */ = {
			isa = PBXGroup;
			children = (
				2774345D2343CAAD006857DF /* LogInVC.swift */,
				2774345F2343D6A2006857DF /* CategoryVC.swift */,
				277434522343B090006857DF /* NewsDetailVC.swift */,
				2774344A23439CDB006857DF /* NewsListVC.swift */,
				277434582343C668006857DF /* ProfileVC.swift */,
			);
			path = Controller;
			sourceTree = "<group>";
		};
		2774344C23439DD3006857DF /* Model */ = {
			isa = PBXGroup;
			children = (
				277434502343A4D3006857DF /* Category.swift */,
				2774344D23439E02006857DF /* News.swift */,
				277434542343BD65006857DF /* User.swift */,
			);
			path = Model;
			sourceTree = "<group>";
		};
		2774344F2343A200006857DF /* Storyboard */ = {
			isa = PBXGroup;
			children = (
				27E388BA23437241004EF727 /* LaunchScreen.storyboard */,
				2774345A2343C839006857DF /* Login.storyboard */,
				27E388B52343723F004EF727 /* Main.storyboard */,
			);
			path = Storyboard;
			sourceTree = "<group>";
		};
		27E388A52343723F004EF727 = {
			isa = PBXGroup;
			children = (
				27E388B02343723F004EF727 /* NewsApp */,
				27E388AF2343723F004EF727 /* Products */,
				F97F9A4A640ED58B4817C926 /* Pods */,
				61E95BB43BF32B2482476F4F /* Frameworks */,
			);
			sourceTree = "<group>";
		};
		27E388AF2343723F004EF727 /* Products */ = {
			isa = PBXGroup;
			children = (
				27E388AE2343723F004EF727 /* NewsApp.app */,
			);
			name = Products;
			sourceTree = "<group>";
		};
		27E388B02343723F004EF727 /* NewsApp */ = {
			isa = PBXGroup;
			children = (
				27E388BD23437241004EF727 /* Info.plist */,
				27E388B12343723F004EF727 /* AppDelegate.swift */,
				2774344923439CA9006857DF /* Controller */,
				2774344C23439DD3006857DF /* Model */,
				2774343A234374D3006857DF /* Support */,
				2774344523439B3E006857DF /* View */,
			);
			path = NewsApp;
			sourceTree = "<group>";
		};
		61E95BB43BF32B2482476F4F /* Frameworks */ = {
			isa = PBXGroup;
			children = (
				3B643ECF2F878F2FE3B52614 /* Pods_NewsApp.framework */,
			);
			name = Frameworks;
			sourceTree = "<group>";
		};
		F97F9A4A640ED58B4817C926 /* Pods */ = {
			isa = PBXGroup;
			children = (
				DE86468F9A6D4489C48FF61A /* Pods-NewsApp.debug.xcconfig */,
				A48120ADC17353D8EDDE0B8B /* Pods-NewsApp.release.xcconfig */,
			);
			path = Pods;
			sourceTree = "<group>";
		};
/* End PBXGroup section */

/* Begin PBXNativeTarget section */
		27E388AD2343723F004EF727 /* NewsApp */ = {
			isa = PBXNativeTarget;
			buildConfigurationList = 27E388C023437241004EF727 /* Build configuration list for PBXNativeTarget "NewsApp" */;
			buildPhases = (
				2F6E08212110A7FAEAAE6AB0 /* [CP] Check Pods Manifest.lock */,
				27E388AA2343723F004EF727 /* Sources */,
				27E388AB2343723F004EF727 /* Frameworks */,
				27E388AC2343723F004EF727 /* Resources */,
				4DDF4840328C9AE3AECE5FB6 /* [CP] Embed Pods Frameworks */,
			);
			buildRules = (
			);
			dependencies = (
			);
			name = NewsApp;
			productName = NewsApp;
			productReference = 27E388AE2343723F004EF727 /* NewsApp.app */;
			productType = "com.apple.product-type.application";
		};
/* End PBXNativeTarget section */

/* Begin PBXProject section */
		27E388A62343723F004EF727 /* Project object */ = {
			isa = PBXProject;
			attributes = {
				LastSwiftUpdateCheck = 1030;
				LastUpgradeCheck = 1030;
				ORGANIZATIONNAME = "Thien Huynh";
				TargetAttributes = {
					27E388AD2343723F004EF727 = {
						CreatedOnToolsVersion = 10.3;
					};
				};
			};
			buildConfigurationList = 27E388A92343723F004EF727 /* Build configuration list for PBXProject "NewsApp" */;
			compatibilityVersion = "Xcode 9.3";
			developmentRegion = en;
			hasScannedForEncodings = 0;
			knownRegions = (
				en,
				Base,
			);
			mainGroup = 27E388A52343723F004EF727;
			productRefGroup = 27E388AF2343723F004EF727 /* Products */;
			projectDirPath = "";
			projectRoot = "";
			targets = (
				27E388AD2343723F004EF727 /* NewsApp */,
			);
		};
/* End PBXProject section */

/* Begin PBXResourcesBuildPhase section */
		27E388AC2343723F004EF727 /* Resources */ = {
			isa = PBXResourcesBuildPhase;
			buildActionMask = 2147483647;
			files = (
				2774345C2343C839006857DF /* Login.storyboard in Resources */,
				27E388BC23437241004EF727 /* LaunchScreen.storyboard in Resources */,
				27E388B923437241004EF727 /* Assets.xcassets in Resources */,
				27E388B72343723F004EF727 /* Main.storyboard in Resources */,
			);
			runOnlyForDeploymentPostprocessing = 0;
		};
/* End PBXResourcesBuildPhase section */

/* Begin PBXShellScriptBuildPhase section */
		2F6E08212110A7FAEAAE6AB0 /* [CP] Check Pods Manifest.lock */ = {
			isa = PBXShellScriptBuildPhase;
			buildActionMask = 2147483647;
			files = (
			);
			inputFileListPaths = (
			);
			inputPaths = (
				"${PODS_PODFILE_DIR_PATH}/Podfile.lock",
				"${PODS_ROOT}/Manifest.lock",
			);
			name = "[CP] Check Pods Manifest.lock";
			outputFileListPaths = (
			);
			outputPaths = (
				"$(DERIVED_FILE_DIR)/Pods-NewsApp-checkManifestLockResult.txt",
			);
			runOnlyForDeploymentPostprocessing = 0;
			shellPath = /bin/sh;
			shellScript = "diff \"${PODS_PODFILE_DIR_PATH}/Podfile.lock\" \"${PODS_ROOT}/Manifest.lock\" > /dev/null\nif [ $? != 0 ] ; then\n    # print error to STDERR\n    echo \"error: The sandbox is not in sync with the Podfile.lock. Run 'pod install' or update your CocoaPods installation.\" >&2\n    exit 1\nfi\n# This output is used by Xcode 'outputs' to avoid re-running this script phase.\necho \"SUCCESS\" > \"${SCRIPT_OUTPUT_FILE_0}\"\n";
			showEnvVarsInLog = 0;
		};
		4DDF4840328C9AE3AECE5FB6 /* [CP] Embed Pods Frameworks */ = {
			isa = PBXShellScriptBuildPhase;
			buildActionMask = 2147483647;
			files = (
			);
			inputFileListPaths = (
				"${PODS_ROOT}/Target Support Files/Pods-NewsApp/Pods-NewsApp-frameworks-${CONFIGURATION}-input-files.xcfilelist",
			);
			name = "[CP] Embed Pods Frameworks";
			outputFileListPaths = (
				"${PODS_ROOT}/Target Support Files/Pods-NewsApp/Pods-NewsApp-frameworks-${CONFIGURATION}-output-files.xcfilelist",
			);
			runOnlyForDeploymentPostprocessing = 0;
			shellPath = /bin/sh;
			shellScript = "\"${PODS_ROOT}/Target Support Files/Pods-NewsApp/Pods-NewsApp-frameworks.sh\"\n";
			showEnvVarsInLog = 0;
		};
/* End PBXShellScriptBuildPhase section */

/* Begin PBXSourcesBuildPhase section */
		27E388AA2343723F004EF727 /* Sources */ = {
			isa = PBXSourcesBuildPhase;
			buildActionMask = 2147483647;
			files = (
				277434602343D6A2006857DF /* CategoryVC.swift in Sources */,
				277434532343B090006857DF /* NewsDetailVC.swift in Sources */,
				27E388B22343723F004EF727 /* AppDelegate.swift in Sources */,
				277434422343766B006857DF /* AlamofireUtils.swift in Sources */,
				2774344E23439E02006857DF /* News.swift in Sources */,
				2774343E234374D3006857DF /* RestApi.swift in Sources */,
				2774344B23439CDB006857DF /* NewsListVC.swift in Sources */,
				277434572343BECE006857DF /* UserManager.swift in Sources */,
				277434512343A4D3006857DF /* Category.swift in Sources */,
				277434592343C668006857DF /* ProfileVC.swift in Sources */,
				2774343F234374D3006857DF /* ApiAlamofire.swift in Sources */,
				2774345E2343CAAD006857DF /* LogInVC.swift in Sources */,
				2774344823439B3E006857DF /* NewsCell.swift in Sources */,
				27743440234374D3006857DF /* RestApiRequest.swift in Sources */,
				277434552343BD65006857DF /* User.swift in Sources */,
			);
			runOnlyForDeploymentPostprocessing = 0;
		};
/* End PBXSourcesBuildPhase section */

/* Begin PBXVariantGroup section */
		2774345A2343C839006857DF /* Login.storyboard */ = {
			isa = PBXVariantGroup;
			children = (
				2774345B2343C839006857DF /* Base */,
			);
			name = Login.storyboard;
			sourceTree = "<group>";
		};
		27E388B52343723F004EF727 /* Main.storyboard */ = {
			isa = PBXVariantGroup;
			children = (
				27E388B62343723F004EF727 /* Base */,
			);
			name = Main.storyboard;
			sourceTree = "<group>";
		};
		27E388BA23437241004EF727 /* LaunchScreen.storyboard */ = {
			isa = PBXVariantGroup;
			children = (
				27E388BB23437241004EF727 /* Base */,
			);
			name = LaunchScreen.storyboard;
			sourceTree = "<group>";
		};
/* End PBXVariantGroup section */

/* Begin XCBuildConfiguration section */
		27E388BE23437241004EF727 /* Debug */ = {
			isa = XCBuildConfiguration;
			buildSettings = {
				ALWAYS_SEARCH_USER_PATHS = NO;
				CLANG_ANALYZER_NONNULL = YES;
				CLANG_ANALYZER_NUMBER_OBJECT_CONVERSION = YES_AGGRESSIVE;
				CLANG_CXX_LANGUAGE_STANDARD = "gnu++14";
				CLANG_CXX_LIBRARY = "libc++";
				CLANG_ENABLE_MODULES = YES;
				CLANG_ENABLE_OBJC_ARC = YES;
				CLANG_ENABLE_OBJC_WEAK = YES;
				CLANG_WARN_BLOCK_CAPTURE_AUTORELEASING = YES;
				CLANG_WARN_BOOL_CONVERSION = YES;
				CLANG_WARN_COMMA = YES;
				CLANG_WARN_CONSTANT_CONVERSION = YES;
				CLANG_WARN_DEPRECATED_OBJC_IMPLEMENTATIONS = YES;
				CLANG_WARN_DIRECT_OBJC_ISA_USAGE = YES_ERROR;
				CLANG_WARN_DOCUMENTATION_COMMENTS = YES;
				CLANG_WARN_EMPTY_BODY = YES;
				CLANG_WARN_ENUM_CONVERSION = YES;
				CLANG_WARN_INFINITE_RECURSION = YES;
				CLANG_WARN_INT_CONVERSION = YES;
				CLANG_WARN_NON_LITERAL_NULL_CONVERSION = YES;
				CLANG_WARN_OBJC_IMPLICIT_RETAIN_SELF = YES;
				CLANG_WARN_OBJC_LITERAL_CONVERSION = YES;
				CLANG_WARN_OBJC_ROOT_CLASS = YES_ERROR;
				CLANG_WARN_RANGE_LOOP_ANALYSIS = YES;
				CLANG_WARN_STRICT_PROTOTYPES = YES;
				CLANG_WARN_SUSPICIOUS_MOVE = YES;
				CLANG_WARN_UNGUARDED_AVAILABILITY = YES_AGGRESSIVE;
				CLANG_WARN_UNREACHABLE_CODE = YES;
				CLANG_WARN__DUPLICATE_METHOD_MATCH = YES;
				CODE_SIGN_IDENTITY = "iPhone Developer";
				COPY_PHASE_STRIP = NO;
				DEBUG_INFORMATION_FORMAT = dwarf;
				ENABLE_STRICT_OBJC_MSGSEND = YES;
				ENABLE_TESTABILITY = YES;
				GCC_C_LANGUAGE_STANDARD = gnu11;
				GCC_DYNAMIC_NO_PIC = NO;
				GCC_NO_COMMON_BLOCKS = YES;
				GCC_OPTIMIZATION_LEVEL = 0;
				GCC_PREPROCESSOR_DEFINITIONS = (
					"DEBUG=1",
					"$(inherited)",
				);
				GCC_WARN_64_TO_32_BIT_CONVERSION = YES;
				GCC_WARN_ABOUT_RETURN_TYPE = YES_ERROR;
				GCC_WARN_UNDECLARED_SELECTOR = YES;
				GCC_WARN_UNINITIALIZED_AUTOS = YES_AGGRESSIVE;
				GCC_WARN_UNUSED_FUNCTION = YES;
				GCC_WARN_UNUSED_VARIABLE = YES;
				IPHONEOS_DEPLOYMENT_TARGET = 12.4;
				MTL_ENABLE_DEBUG_INFO = INCLUDE_SOURCE;
				MTL_FAST_MATH = YES;
				ONLY_ACTIVE_ARCH = YES;
				SDKROOT = iphoneos;
				SWIFT_ACTIVE_COMPILATION_CONDITIONS = DEBUG;
				SWIFT_OPTIMIZATION_LEVEL = "-Onone";
			};
			name = Debug;
		};
		27E388BF23437241004EF727 /* Release */ = {
			isa = XCBuildConfiguration;
			buildSettings = {
				ALWAYS_SEARCH_USER_PATHS = NO;
				CLANG_ANALYZER_NONNULL = YES;
				CLANG_ANALYZER_NUMBER_OBJECT_CONVERSION = YES_AGGRESSIVE;
				CLANG_CXX_LANGUAGE_STANDARD = "gnu++14";
				CLANG_CXX_LIBRARY = "libc++";
				CLANG_ENABLE_MODULES = YES;
				CLANG_ENABLE_OBJC_ARC = YES;
				CLANG_ENABLE_OBJC_WEAK = YES;
				CLANG_WARN_BLOCK_CAPTURE_AUTORELEASING = YES;
				CLANG_WARN_BOOL_CONVERSION = YES;
				CLANG_WARN_COMMA = YES;
				CLANG_WARN_CONSTANT_CONVERSION = YES;
				CLANG_WARN_DEPRECATED_OBJC_IMPLEMENTATIONS = YES;
				CLANG_WARN_DIRECT_OBJC_ISA_USAGE = YES_ERROR;
				CLANG_WARN_DOCUMENTATION_COMMENTS = YES;
				CLANG_WARN_EMPTY_BODY = YES;
				CLANG_WARN_ENUM_CONVERSION = YES;
				CLANG_WARN_INFINITE_RECURSION = YES;
				CLANG_WARN_INT_CONVERSION = YES;
				CLANG_WARN_NON_LITERAL_NULL_CONVERSION = YES;
				CLANG_WARN_OBJC_IMPLICIT_RETAIN_SELF = YES;
				CLANG_WARN_OBJC_LITERAL_CONVERSION = YES;
				CLANG_WARN_OBJC_ROOT_CLASS = YES_ERROR;
				CLANG_WARN_RANGE_LOOP_ANALYSIS = YES;
				CLANG_WARN_STRICT_PROTOTYPES = YES;
				CLANG_WARN_SUSPICIOUS_MOVE = YES;
				CLANG_WARN_UNGUARDED_AVAILABILITY = YES_AGGRESSIVE;
				CLANG_WARN_UNREACHABLE_CODE = YES;
				CLANG_WARN__DUPLICATE_METHOD_MATCH = YES;
				CODE_SIGN_IDENTITY = "iPhone Developer";
				COPY_PHASE_STRIP = NO;
				DEBUG_INFORMATION_FORMAT = "dwarf-with-dsym";
				ENABLE_NS_ASSERTIONS = NO;
				ENABLE_STRICT_OBJC_MSGSEND = YES;
				GCC_C_LANGUAGE_STANDARD = gnu11;
				GCC_NO_COMMON_BLOCKS = YES;
				GCC_WARN_64_TO_32_BIT_CONVERSION = YES;
				GCC_WARN_ABOUT_RETURN_TYPE = YES_ERROR;
				GCC_WARN_UNDECLARED_SELECTOR = YES;
				GCC_WARN_UNINITIALIZED_AUTOS = YES_AGGRESSIVE;
				GCC_WARN_UNUSED_FUNCTION = YES;
				GCC_WARN_UNUSED_VARIABLE = YES;
				IPHONEOS_DEPLOYMENT_TARGET = 12.4;
				MTL_ENABLE_DEBUG_INFO = NO;
				MTL_FAST_MATH = YES;
				SDKROOT = iphoneos;
				SWIFT_COMPILATION_MODE = wholemodule;
				SWIFT_OPTIMIZATION_LEVEL = "-O";
				VALIDATE_PRODUCT = YES;
			};
			name = Release;
		};
		27E388C123437241004EF727 /* Debug */ = {
			isa = XCBuildConfiguration;
			baseConfigurationReference = DE86468F9A6D4489C48FF61A /* Pods-NewsApp.debug.xcconfig */;
			buildSettings = {
				ASSETCATALOG_COMPILER_APPICON_NAME = AppIcon;
				CODE_SIGN_STYLE = Automatic;
				INFOPLIST_FILE = NewsApp/Info.plist;
				LD_RUNPATH_SEARCH_PATHS = (
					"$(inherited)",
					"@executable_path/Frameworks",
				);
				PRODUCT_BUNDLE_IDENTIFIER = thienhuynh.NewsApp;
				PRODUCT_NAME = "$(TARGET_NAME)";
				SWIFT_VERSION = 5.0;
				TARGETED_DEVICE_FAMILY = "1,2";
			};
			name = Debug;
		};
		27E388C223437241004EF727 /* Release */ = {
			isa = XCBuildConfiguration;
			baseConfigurationReference = A48120ADC17353D8EDDE0B8B /* Pods-NewsApp.release.xcconfig */;
			buildSettings = {
				ASSETCATALOG_COMPILER_APPICON_NAME = AppIcon;
				CODE_SIGN_STYLE = Automatic;
				INFOPLIST_FILE = NewsApp/Info.plist;
				LD_RUNPATH_SEARCH_PATHS = (
					"$(inherited)",
					"@executable_path/Frameworks",
				);
				PRODUCT_BUNDLE_IDENTIFIER = thienhuynh.NewsApp;
				PRODUCT_NAME = "$(TARGET_NAME)";
				SWIFT_VERSION = 5.0;
				TARGETED_DEVICE_FAMILY = "1,2";
			};
			name = Release;
		};
/* End XCBuildConfiguration section */

/* Begin XCConfigurationList section */
		27E388A92343723F004EF727 /* Build configuration list for PBXProject "NewsApp" */ = {
			isa = XCConfigurationList;
			buildConfigurations = (
				27E388BE23437241004EF727 /* Debug */,
				27E388BF23437241004EF727 /* Release */,
			);
			defaultConfigurationIsVisible = 0;
			defaultConfigurationName = Release;
		};
		27E388C023437241004EF727 /* Build configuration list for PBXNativeTarget "NewsApp" */ = {
			isa = XCConfigurationList;
			buildConfigurations = (
				27E388C123437241004EF727 /* Debug */,
				27E388C223437241004EF727 /* Release */,
			);
			defaultConfigurationIsVisible = 0;
			defaultConfigurationName = Release;
		};
/* End XCConfigurationList section */
	};
	rootObject = 27E388A62343723F004EF727 /* Project object */;
}
